// !$*UTF8*$!
{
	archiveVersion = 1;
	classes = {
	};
	objectVersion = 46;
	objects = {

/* Begin PBXBuildFile section */
		3FB4BE871A0CC3DA0012BC63 /* AppDelegate.swift in Sources */ = {isa = PBXBuildFile; fileRef = 3FB4BE861A0CC3DA0012BC63 /* AppDelegate.swift */; };
		3FB4BE891A0CC3DA0012BC63 /* ViewController.swift in Sources */ = {isa = PBXBuildFile; fileRef = 3FB4BE881A0CC3DA0012BC63 /* ViewController.swift */; };
		3FB4BE8C1A0CC3DA0012BC63 /* Main.storyboard in Resources */ = {isa = PBXBuildFile; fileRef = 3FB4BE8A1A0CC3DA0012BC63 /* Main.storyboard */; };
		3FB4BE8E1A0CC3DA0012BC63 /* Images.xcassets in Resources */ = {isa = PBXBuildFile; fileRef = 3FB4BE8D1A0CC3DA0012BC63 /* Images.xcassets */; };
		3FB4BE911A0CC3DA0012BC63 /* LaunchScreen.xib in Resources */ = {isa = PBXBuildFile; fileRef = 3FB4BE8F1A0CC3DA0012BC63 /* LaunchScreen.xib */; };
		3FB4BE9D1A0CC3DA0012BC63 /* boxColorIITests.swift in Sources */ = {isa = PBXBuildFile; fileRef = 3FB4BE9C1A0CC3DA0012BC63 /* boxColorIITests.swift */; };
/* End PBXBuildFile section */

/* Begin PBXContainerItemProxy section */
		3FB4BE971A0CC3DA0012BC63 /* PBXContainerItemProxy */ = {
			isa = PBXContainerItemProxy;
			containerPortal = 3FB4BE791A0CC3D90012BC63 /* Project object */;
			proxyType = 1;
			remoteGlobalIDString = 3FB4BE801A0CC3D90012BC63;
			remoteInfo = boxColorII;
		};
/* End PBXContainerItemProxy section */

/* Begin PBXFileReference section */
		3FB4BE811A0CC3D90012BC63 /* boxColorII.app */ = {isa = PBXFileReference; explicitFileType = wrapper.application; includeInIndex = 0; path = boxColorII.app; sourceTree = BUILT_PRODUCTS_DIR; };
		3FB4BE851A0CC3DA0012BC63 /* Info.plist */ = {isa = PBXFileReference; lastKnownFileType = text.plist.xml; path = Info.plist; sourceTree = "<group>"; };
		3FB4BE861A0CC3DA0012BC63 /* AppDelegate.swift */ = {isa = PBXFileReference; lastKnownFileType = sourcecode.swift; path = AppDelegate.swift; sourceTree = "<group>"; };
		3FB4BE881A0CC3DA0012BC63 /* ViewController.swift */ = {isa = PBXFileReference; lastKnownFileType = sourcecode.swift; path = ViewController.swift; sourceTree = "<group>"; };
		3FB4BE8B1A0CC3DA0012BC63 /* Base */ = {isa = PBXFileReference; lastKnownFileType = file.storyboard; name = Base; path = Base.lproj/Main.storyboard; sourceTree = "<group>"; };
		3FB4BE8D1A0CC3DA0012BC63 /* Images.xcassets */ = {isa = PBXFileReference; lastKnownFileType = folder.assetcatalog; path = Images.xcassets; sourceTree = "<group>"; };
		3FB4BE901A0CC3DA0012BC63 /* Base */ = {isa = PBXFileReference; lastKnownFileType = file.xib; name = Base; path = Base.lproj/LaunchScreen.xib; sourceTree = "<group>"; };
		3FB4BE961A0CC3DA0012BC63 /* boxColorIITests.xctest */ = {isa = PBXFileReference; explicitFileType = wrapper.cfbundle; includeInIndex = 0; path = boxColorIITests.xctest; sourceTree = BUILT_PRODUCTS_DIR; };
		3FB4BE9B1A0CC3DA0012BC63 /* Info.plist */ = {isa = PBXFileReference; lastKnownFileType = text.plist.xml; path = Info.plist; sourceTree = "<group>"; };
		3FB4BE9C1A0CC3DA0012BC63 /* boxColorIITests.swift */ = {isa = PBXFileReference; lastKnownFileType = sourcecode.swift; path = boxColorIITests.swift; sourceTree = "<group>"; };
/* End PBXFileReference section */

/* Begin PBXFrameworksBuildPhase section */
		3FB4BE7E1A0CC3D90012BC63 /* Frameworks */ = {
			isa = PBXFrameworksBuildPhase;
			buildActionMask = 2147483647;
			files = (
			);
			runOnlyForDeploymentPostprocessing = 0;
		};
		3FB4BE931A0CC3DA0012BC63 /* Frameworks */ = {
			isa = PBXFrameworksBuildPhase;
			buildActionMask = 2147483647;
			files = (
			);
			runOnlyForDeploymentPostprocessing = 0;
		};
/* End PBXFrameworksBuildPhase section */

/* Begin PBXGroup section */
		3FB4BE781A0CC3D90012BC63 = {
			isa = PBXGroup;
			children = (
				3FB4BE831A0CC3D90012BC63 /* boxColorII */,
				3FB4BE991A0CC3DA0012BC63 /* boxColorIITests */,
				3FB4BE821A0CC3D90012BC63 /* Products */,
			);
			sourceTree = "<group>";
		};
		3FB4BE821A0CC3D90012BC63 /* Products */ = {
			isa = PBXGroup;
			children = (
				3FB4BE811A0CC3D90012BC63 /* boxColorII.app */,
				3FB4BE961A0CC3DA0012BC63 /* boxColorIITests.xctest */,
			);
			name = Products;
			sourceTree = "<group>";
		};
		3FB4BE831A0CC3D90012BC63 /* boxColorII */ = {
			isa = PBXGroup;
			children = (
				3FB4BE861A0CC3DA0012BC63 /* AppDelegate.swift */,
				3FB4BE881A0CC3DA0012BC63 /* ViewController.swift */,
				3FB4BE8A1A0CC3DA0012BC63 /* Main.storyboard */,
				3FB4BE8D1A0CC3DA0012BC63 /* Images.xcassets */,
				3FB4BE8F1A0CC3DA0012BC63 /* LaunchScreen.xib */,
				3FB4BE841A0CC3DA0012BC63 /* Supporting Files */,
			);
			path = boxColorII;
			sourceTree = "<group>";
		};
		3FB4BE841A0CC3DA0012BC63 /* Supporting Files */ = {
			isa = PBXGroup;
			children = (
				3FB4BE851A0CC3DA0012BC63 /* Info.plist */,
			);
			name = "Supporting Files";
			sourceTree = "<group>";
		};
		3FB4BE991A0CC3DA0012BC63 /* boxColorIITests */ = {
			isa = PBXGroup;
			children = (
				3FB4BE9C1A0CC3DA0012BC63 /* boxColorIITests.swift */,
				3FB4BE9A1A0CC3DA0012BC63 /* Supporting Files */,
			);
			path = boxColorIITests;
			sourceTree = "<group>";
		};
		3FB4BE9A1A0CC3DA0012BC63 /* Supporting Files */ = {
			isa = PBXGroup;
			children = (
				3FB4BE9B1A0CC3DA0012BC63 /* Info.plist */,
			);
			name = "Supporting Files";
			sourceTree = "<group>";
		};
/* End PBXGroup section */

/* Begin PBXNativeTarget section */
		3FB4BE801A0CC3D90012BC63 /* boxColorII */ = {
			isa = PBXNativeTarget;
			buildConfigurationList = 3FB4BEA01A0CC3DA0012BC63 /* Build configuration list for PBXNativeTarget "boxColorII" */;
			buildPhases = (
				3FB4BE7D1A0CC3D90012BC63 /* Sources */,
				3FB4BE7E1A0CC3D90012BC63 /* Frameworks */,
				3FB4BE7F1A0CC3D90012BC63 /* Resources */,
			);
			buildRules = (
			);
			dependencies = (
			);
			name = boxColorII;
			productName = boxColorII;
			productReference = 3FB4BE811A0CC3D90012BC63 /* boxColorII.app */;
			productType = "com.apple.product-type.application";
		};
		3FB4BE951A0CC3DA0012BC63 /* boxColorIITests */ = {
			isa = PBXNativeTarget;
			buildConfigurationList = 3FB4BEA31A0CC3DA0012BC63 /* Build configuration list for PBXNativeTarget "boxColorIITests" */;
			buildPhases = (
				3FB4BE921A0CC3DA0012BC63 /* Sources */,
				3FB4BE931A0CC3DA0012BC63 /* Frameworks */,
				3FB4BE941A0CC3DA0012BC63 /* Resources */,
			);
			buildRules = (
			);
			dependencies = (
				3FB4BE981A0CC3DA0012BC63 /* PBXTargetDependency */,
			);
			name = boxColorIITests;
			productName = boxColorIITests;
			productReference = 3FB4BE961A0CC3DA0012BC63 /* boxColorIITests.xctest */;
			productType = "com.apple.product-type.bundle.unit-test";
		};
/* End PBXNativeTarget section */

/* Begin PBXProject section */
		3FB4BE791A0CC3D90012BC63 /* Project object */ = {
			isa = PBXProject;
			attributes = {
				LastUpgradeCheck = 0600;
				ORGANIZATIONNAME = student;
				TargetAttributes = {
					3FB4BE801A0CC3D90012BC63 = {
						CreatedOnToolsVersion = 6.0;
					};
					3FB4BE951A0CC3DA0012BC63 = {
						CreatedOnToolsVersion = 6.0;
						TestTargetID = 3FB4BE801A0CC3D90012BC63;
					};
				};
			};
			buildConfigurationList = 3FB4BE7C1A0CC3D90012BC63 /* Build configuration list for PBXProject "boxColorII" */;
			compatibilityVersion = "Xcode 3.2";
			developmentRegion = English;
			hasScannedForEncodings = 0;
			knownRegions = (
				en,
				Base,
			);
			mainGroup = 3FB4BE781A0CC3D90012BC63;
			productRefGroup = 3FB4BE821A0CC3D90012BC63 /* Products */;
			projectDirPath = "";
			projectRoot = "";
			targets = (
				3FB4BE801A0CC3D90012BC63 /* boxColorII */,
				3FB4BE951A0CC3DA0012BC63 /* boxColorIITests */,
			);
		};
/* End PBXProject section */

/* Begin PBXResourcesBuildPhase section */
		3FB4BE7F1A0CC3D90012BC63 /* Resources */ = {
			isa = PBXResourcesBuildPhase;
			buildActionMask = 2147483647;
			files = (
				3FB4BE8C1A0CC3DA0012BC63 /* Main.storyboard in Resources */,
				3FB4BE911A0CC3DA0012BC63 /* LaunchScreen.xib in Resources */,
				3FB4BE8E1A0CC3DA0012BC63 /* Images.xcassets in Resources */,
			);
			runOnlyForDeploymentPostprocessing = 0;
		};
		3FB4BE941A0CC3DA0012BC63 /* Resources */ = {
			isa = PBXResourcesBuildPhase;
			buildActionMask = 2147483647;
			files = (
			);
			runOnlyForDeploymentPostprocessing = 0;
		};
/* End PBXResourcesBuildPhase section */

/* Begin PBXSourcesBuildPhase section */
		3FB4BE7D1A0CC3D90012BC63 /* Sources */ = {
			isa = PBXSourcesBuildPhase;
			buildActionMask = 2147483647;
			files = (
				3FB4BE891A0CC3DA0012BC63 /* ViewController.swift in Sources */,
				3FB4BE871A0CC3DA0012BC63 /* AppDelegate.swift in Sources */,
			);
			runOnlyForDeploymentPostprocessing = 0;
		};
		3FB4BE921A0CC3DA0012BC63 /* Sources */ = {
			isa = PBXSourcesBuildPhase;
			buildActionMask = 2147483647;
			files = (
				3FB4BE9D1A0CC3DA0012BC63 /* boxColorIITests.swift in Sources */,
			);
			runOnlyForDeploymentPostprocessing = 0;
		};
/* End PBXSourcesBuildPhase section */

/* Begin PBXTargetDependency section */
		3FB4BE981A0CC3DA0012BC63 /* PBXTargetDependency */ = {
			isa = PBXTargetDependency;
			target = 3FB4BE801A0CC3D90012BC63 /* boxColorII */;
			targetProxy = 3FB4BE971A0CC3DA0012BC63 /* PBXContainerItemProxy */;
		};
/* End PBXTargetDependency section */

/* Begin PBXVariantGroup section */
		3FB4BE8A1A0CC3DA0012BC63 /* Main.storyboard */ = {
			isa = PBXVariantGroup;
			children = (
				3FB4BE8B1A0CC3DA0012BC63 /* Base */,
			);
			name = Main.storyboard;
			sourceTree = "<group>";
		};
		3FB4BE8F1A0CC3DA0012BC63 /* LaunchScreen.xib */ = {
			isa = PBXVariantGroup;
			children = (
				3FB4BE901A0CC3DA0012BC63 /* Base */,
			);
			name = LaunchScreen.xib;
			sourceTree = "<group>";
		};
/* End PBXVariantGroup section */

/* Begin XCBuildConfiguration section */
		3FB4BE9E1A0CC3DA0012BC63 /* Debug */ = {
			isa = XCBuildConfiguration;
			buildSettings = {
				ALWAYS_SEARCH_USER_PATHS = NO;
				CLANG_CXX_LANGUAGE_STANDARD = "gnu++0x";
				CLANG_CXX_LIBRARY = "libc++";
				CLANG_ENABLE_MODULES = YES;
				CLANG_ENABLE_OBJC_ARC = YES;
				CLANG_WARN_BOOL_CONVERSION = YES;
				CLANG_WARN_CONSTANT_CONVERSION = YES;
				CLANG_WARN_DIRECT_OBJC_ISA_USAGE = YES_ERROR;
				CLANG_WARN_EMPTY_BODY = YES;
				CLANG_WARN_ENUM_CONVERSION = YES;
				CLANG_WARN_INT_CONVERSION = YES;
				CLANG_WARN_OBJC_ROOT_CLASS = YES_ERROR;
				CLANG_WARN_UNREACHABLE_CODE = YES;
				CLANG_WARN__DUPLICATE_METHOD_MATCH = YES;
				"CODE_SIGN_IDENTITY[sdk=iphoneos*]" = "iPhone Developer";
				COPY_PHASE_STRIP = NO;
				ENABLE_STRICT_OBJC_MSGSEND = YES;
				GCC_C_LANGUAGE_STANDARD = gnu99;
				GCC_DYNAMIC_NO_PIC = NO;
				GCC_OPTIMIZATION_LEVEL = 0;
				GCC_PREPROCESSOR_DEFINITIONS = (
					"DEBUG=1",
					"$(inherited)",
				);
				GCC_SYMBOLS_PRIVATE_EXTERN = NO;
				GCC_WARN_64_TO_32_BIT_CONVERSION = YES;
				GCC_WARN_ABOUT_RETURN_TYPE = YES_ERROR;
				GCC_WARN_UNDECLARED_SELECTOR = YES;
				GCC_WARN_UNINITIALIZED_AUTOS = YES_AGGRESSIVE;
				GCC_WARN_UNUSED_FUNCTION = YES;
				GCC_WARN_UNUSED_VARIABLE = YES;
				IPHONEOS_DEPLOYMENT_TARGET = 8.0;
				MTL_ENABLE_DEBUG_INFO = YES;
				ONLY_ACTIVE_ARCH = YES;
				SDKROOT = iphoneos;
				SWIFT_OPTIMIZATION_LEVEL = "-Onone";
			};
			name = Debug;
		};
		3FB4BE9F1A0CC3DA0012BC63 /* Release */ = {
			isa = XCBuildConfiguration;
			buildSettings = {
				ALWAYS_SEARCH_USER_PATHS = NO;
				CLANG_CXX_LANGUAGE_STANDARD = "gnu++0x";
				CLANG_CXX_LIBRARY = "libc++";
				CLANG_ENABLE_MODULES = YES;
				CLANG_ENABLE_OBJC_ARC = YES;
				CLANG_WARN_BOOL_CONVERSION = YES;
				CLANG_WARN_CONSTANT_CONVERSION = YES;
				CLANG_WARN_DIRECT_OBJC_ISA_USAGE = YES_ERROR;
				CLANG_WARN_EMPTY_BODY = YES;
				CLANG_WARN_ENUM_CONVERSION = YES;
				CLANG_WARN_INT_CONVERSION = YES;
				CLANG_WARN_OBJC_ROOT_CLASS = YES_ERROR;
				CLANG_WARN_UNREACHABLE_CODE = YES;
				CLANG_WARN__DUPLICATE_METHOD_MATCH = YES;
				"CODE_SIGN_IDENTITY[sdk=iphoneos*]" = "iPhone Developer";
				COPY_PHASE_STRIP = YES;
				ENABLE_NS_ASSERTIONS = NO;
				ENABLE_STRICT_OBJC_MSGSEND = YES;
				GCC_C_LANGUAGE_STANDARD = gnu99;
				GCC_WARN_64_TO_32_BIT_CONVERSION = YES;
				GCC_WARN_ABOUT_RETURN_TYPE = YES_ERROR;
				GCC_WARN_UNDECLARED_SELECTOR = YES;
				GCC_WARN_UNINITIALIZED_AUTOS = YES_AGGRESSIVE;
				GCC_WARN_UNUSED_FUNCTION = YES;
				GCC_WARN_UNUSED_VARIABLE = YES;
				IPHONEOS_DEPLOYMENT_TARGET = 8.0;
				MTL_ENABLE_DEBUG_INFO = NO;
				SDKROOT = iphoneos;
				VALIDATE_PRODUCT = YES;
			};
			name = Release;
		};
		3FB4BEA11A0CC3DA0012BC63 /* Debug */ = {
			isa = XCBuildConfiguration;
			buildSettings = {
				ASSETCATALOG_COMPILER_APPICON_NAME = AppIcon;
				INFOPLIST_FILE = boxColorII/Info.plist;
				LD_RUNPATH_SEARCH_PATHS = "$(inherited) @executable_path/Frameworks";
				PRODUCT_NAME = "$(TARGET_NAME)";
			};
			name = Debug;
		};
		3FB4BEA21A0CC3DA0012BC63 /* Release */ = {
			isa = XCBuildConfiguration;
			buildSettings = {
				ASSETCATALOG_COMPILER_APPICON_NAME = AppIcon;
				INFOPLIST_FILE = boxColorII/Info.plist;
				LD_RUNPATH_SEARCH_PATHS = "$(inherited) @executable_path/Frameworks";
				PRODUCT_NAME = "$(TARGET_NAME)";
			};
			name = Release;
		};
		3FB4BEA41A0CC3DA0012BC63 /* Debug */ = {
			isa = XCBuildConfiguration;
			buildSettings = {
				BUNDLE_LOADER = "$(TEST_HOST)";
				FRAMEWORK_SEARCH_PATHS = (
					"$(SDKROOT)/Developer/Library/Frameworks",
					"$(inherited)",
				);
				GCC_PREPROCESSOR_DEFINITIONS = (
					"DEBUG=1",
					"$(inherited)",
				);
				INFOPLIST_FILE = boxColorIITests/Info.plist;
				LD_RUNPATH_SEARCH_PATHS = "$(inherited) @executable_path/Frameworks @loader_path/Frameworks";
				PRODUCT_NAME = "$(TARGET_NAME)";
				TEST_HOST = "$(BUILT_PRODUCTS_DIR)/boxColorII.app/boxColorII";
			};
			name = Debug;
		};
		3FB4BEA51A0CC3DA0012BC63 /* Release */ = {
			isa = XCBuildConfiguration;
			buildSettings = {
				BUNDLE_LOADER = "$(TEST_HOST)";
				FRAMEWORK_SEARCH_PATHS = (
					"$(SDKROOT)/Developer/Library/Frameworks",
					"$(inherited)",
				);
				INFOPLIST_FILE = boxColorIITests/Info.plist;
				LD_RUNPATH_SEARCH_PATHS = "$(inherited) @executable_path/Frameworks @loader_path/Frameworks";
				PRODUCT_NAME = "$(TARGET_NAME)";
				TEST_HOST = "$(BUILT_PRODUCTS_DIR)/boxColorII.app/boxColorII";
			};
			name = Release;
		};
/* End XCBuildConfiguration section */

/* Begin XCConfigurationList section */
		3FB4BE7C1A0CC3D90012BC63 /* Build configuration list for PBXProject "boxColorII" */ = {
			isa = XCConfigurationList;
			buildConfigurations = (
				3FB4BE9E1A0CC3DA0012BC63 /* Debug */,
				3FB4BE9F1A0CC3DA0012BC63 /* Release */,
			);
			defaultConfigurationIsVisible = 0;
			defaultConfigurationName = Release;
		};
		3FB4BEA01A0CC3DA0012BC63 /* Build configuration list for PBXNativeTarget "boxColorII" */ = {
			isa = XCConfigurationList;
			buildConfigurations = (
				3FB4BEA11A0CC3DA0012BC63 /* Debug */,
				3FB4BEA21A0CC3DA0012BC63 /* Release */,
			);
			defaultConfigurationIsVisible = 0;
		};
		3FB4BEA31A0CC3DA0012BC63 /* Build configuration list for PBXNativeTarget "boxColorIITests" */ = {
			isa = XCConfigurationList;
			buildConfigurations = (
				3FB4BEA41A0CC3DA0012BC63 /* Debug */,
				3FB4BEA51A0CC3DA0012BC63 /* Release */,
			);
			defaultConfigurationIsVisible = 0;
		};
/* End XCConfigurationList section */
	};
	rootObject = 3FB4BE791A0CC3D90012BC63 /* Project object */;
}
