// !$*UTF8*$!
{
	archiveVersion = 1;
	classes = {
	};
	objectVersion = 46;
	objects = {

/* Begin PBXBuildFile section */
		3F1DCC8B19F0F12E00BA4D90 /* AppDelegate.swift in Sources */ = {isa = PBXBuildFile; fileRef = 3F1DCC8A19F0F12E00BA4D90 /* AppDelegate.swift */; };
		3F1DCC8D19F0F12E00BA4D90 /* ViewController.swift in Sources */ = {isa = PBXBuildFile; fileRef = 3F1DCC8C19F0F12E00BA4D90 /* ViewController.swift */; };
		3F1DCC9019F0F12E00BA4D90 /* Main.storyboard in Resources */ = {isa = PBXBuildFile; fileRef = 3F1DCC8E19F0F12E00BA4D90 /* Main.storyboard */; };
		3F1DCC9219F0F12E00BA4D90 /* Images.xcassets in Resources */ = {isa = PBXBuildFile; fileRef = 3F1DCC9119F0F12E00BA4D90 /* Images.xcassets */; };
		3F1DCC9519F0F12E00BA4D90 /* LaunchScreen.xib in Resources */ = {isa = PBXBuildFile; fileRef = 3F1DCC9319F0F12E00BA4D90 /* LaunchScreen.xib */; };
		3F1DCCA119F0F12F00BA4D90 /* segue_TestTests.swift in Sources */ = {isa = PBXBuildFile; fileRef = 3F1DCCA019F0F12F00BA4D90 /* segue_TestTests.swift */; };
		3F1DCCB119F0FC5800BA4D90 /* colorTwoViewController.swift in Sources */ = {isa = PBXBuildFile; fileRef = 3F1DCCB019F0FC5800BA4D90 /* colorTwoViewController.swift */; };
/* End PBXBuildFile section */

/* Begin PBXContainerItemProxy section */
		3F1DCC9B19F0F12F00BA4D90 /* PBXContainerItemProxy */ = {
			isa = PBXContainerItemProxy;
			containerPortal = 3F1DCC7D19F0F12E00BA4D90 /* Project object */;
			proxyType = 1;
			remoteGlobalIDString = 3F1DCC8419F0F12E00BA4D90;
			remoteInfo = segue_Test;
		};
/* End PBXContainerItemProxy section */

/* Begin PBXFileReference section */
		3F1DCC8519F0F12E00BA4D90 /* segue_Test.app */ = {isa = PBXFileReference; explicitFileType = wrapper.application; includeInIndex = 0; path = segue_Test.app; sourceTree = BUILT_PRODUCTS_DIR; };
		3F1DCC8919F0F12E00BA4D90 /* Info.plist */ = {isa = PBXFileReference; lastKnownFileType = text.plist.xml; path = Info.plist; sourceTree = "<group>"; };
		3F1DCC8A19F0F12E00BA4D90 /* AppDelegate.swift */ = {isa = PBXFileReference; lastKnownFileType = sourcecode.swift; path = AppDelegate.swift; sourceTree = "<group>"; };
		3F1DCC8C19F0F12E00BA4D90 /* ViewController.swift */ = {isa = PBXFileReference; lastKnownFileType = sourcecode.swift; path = ViewController.swift; sourceTree = "<group>"; };
		3F1DCC8F19F0F12E00BA4D90 /* Base */ = {isa = PBXFileReference; lastKnownFileType = file.storyboard; name = Base; path = Base.lproj/Main.storyboard; sourceTree = "<group>"; };
		3F1DCC9119F0F12E00BA4D90 /* Images.xcassets */ = {isa = PBXFileReference; lastKnownFileType = folder.assetcatalog; path = Images.xcassets; sourceTree = "<group>"; };
		3F1DCC9419F0F12E00BA4D90 /* Base */ = {isa = PBXFileReference; lastKnownFileType = file.xib; name = Base; path = Base.lproj/LaunchScreen.xib; sourceTree = "<group>"; };
		3F1DCC9A19F0F12E00BA4D90 /* segue_TestTests.xctest */ = {isa = PBXFileReference; explicitFileType = wrapper.cfbundle; includeInIndex = 0; path = segue_TestTests.xctest; sourceTree = BUILT_PRODUCTS_DIR; };
		3F1DCC9F19F0F12F00BA4D90 /* Info.plist */ = {isa = PBXFileReference; lastKnownFileType = text.plist.xml; path = Info.plist; sourceTree = "<group>"; };
		3F1DCCA019F0F12F00BA4D90 /* segue_TestTests.swift */ = {isa = PBXFileReference; lastKnownFileType = sourcecode.swift; path = segue_TestTests.swift; sourceTree = "<group>"; };
		3F1DCCB019F0FC5800BA4D90 /* colorTwoViewController.swift */ = {isa = PBXFileReference; fileEncoding = 4; lastKnownFileType = sourcecode.swift; path = colorTwoViewController.swift; sourceTree = "<group>"; };
/* End PBXFileReference section */

/* Begin PBXFrameworksBuildPhase section */
		3F1DCC8219F0F12E00BA4D90 /* Frameworks */ = {
			isa = PBXFrameworksBuildPhase;
			buildActionMask = 2147483647;
			files = (
			);
			runOnlyForDeploymentPostprocessing = 0;
		};
		3F1DCC9719F0F12E00BA4D90 /* Frameworks */ = {
			isa = PBXFrameworksBuildPhase;
			buildActionMask = 2147483647;
			files = (
			);
			runOnlyForDeploymentPostprocessing = 0;
		};
/* End PBXFrameworksBuildPhase section */

/* Begin PBXGroup section */
		3F1DCC7C19F0F12E00BA4D90 = {
			isa = PBXGroup;
			children = (
				3F1DCC8719F0F12E00BA4D90 /* segue_Test */,
				3F1DCC9D19F0F12F00BA4D90 /* segue_TestTests */,
				3F1DCC8619F0F12E00BA4D90 /* Products */,
			);
			sourceTree = "<group>";
		};
		3F1DCC8619F0F12E00BA4D90 /* Products */ = {
			isa = PBXGroup;
			children = (
				3F1DCC8519F0F12E00BA4D90 /* segue_Test.app */,
				3F1DCC9A19F0F12E00BA4D90 /* segue_TestTests.xctest */,
			);
			name = Products;
			sourceTree = "<group>";
		};
		3F1DCC8719F0F12E00BA4D90 /* segue_Test */ = {
			isa = PBXGroup;
			children = (
				3F1DCC8A19F0F12E00BA4D90 /* AppDelegate.swift */,
				3F1DCC8C19F0F12E00BA4D90 /* ViewController.swift */,
				3F1DCC8E19F0F12E00BA4D90 /* Main.storyboard */,
				3F1DCCB019F0FC5800BA4D90 /* colorTwoViewController.swift */,
				3F1DCC9119F0F12E00BA4D90 /* Images.xcassets */,
				3F1DCC9319F0F12E00BA4D90 /* LaunchScreen.xib */,
				3F1DCC8819F0F12E00BA4D90 /* Supporting Files */,
			);
			path = segue_Test;
			sourceTree = "<group>";
		};
		3F1DCC8819F0F12E00BA4D90 /* Supporting Files */ = {
			isa = PBXGroup;
			children = (
				3F1DCC8919F0F12E00BA4D90 /* Info.plist */,
			);
			name = "Supporting Files";
			sourceTree = "<group>";
		};
		3F1DCC9D19F0F12F00BA4D90 /* segue_TestTests */ = {
			isa = PBXGroup;
			children = (
				3F1DCCA019F0F12F00BA4D90 /* segue_TestTests.swift */,
				3F1DCC9E19F0F12F00BA4D90 /* Supporting Files */,
			);
			path = segue_TestTests;
			sourceTree = "<group>";
		};
		3F1DCC9E19F0F12F00BA4D90 /* Supporting Files */ = {
			isa = PBXGroup;
			children = (
				3F1DCC9F19F0F12F00BA4D90 /* Info.plist */,
			);
			name = "Supporting Files";
			sourceTree = "<group>";
		};
/* End PBXGroup section */

/* Begin PBXNativeTarget section */
		3F1DCC8419F0F12E00BA4D90 /* segue_Test */ = {
			isa = PBXNativeTarget;
			buildConfigurationList = 3F1DCCA419F0F12F00BA4D90 /* Build configuration list for PBXNativeTarget "segue_Test" */;
			buildPhases = (
				3F1DCC8119F0F12E00BA4D90 /* Sources */,
				3F1DCC8219F0F12E00BA4D90 /* Frameworks */,
				3F1DCC8319F0F12E00BA4D90 /* Resources */,
			);
			buildRules = (
			);
			dependencies = (
			);
			name = segue_Test;
			productName = segue_Test;
			productReference = 3F1DCC8519F0F12E00BA4D90 /* segue_Test.app */;
			productType = "com.apple.product-type.application";
		};
		3F1DCC9919F0F12E00BA4D90 /* segue_TestTests */ = {
			isa = PBXNativeTarget;
			buildConfigurationList = 3F1DCCA719F0F12F00BA4D90 /* Build configuration list for PBXNativeTarget "segue_TestTests" */;
			buildPhases = (
				3F1DCC9619F0F12E00BA4D90 /* Sources */,
				3F1DCC9719F0F12E00BA4D90 /* Frameworks */,
				3F1DCC9819F0F12E00BA4D90 /* Resources */,
			);
			buildRules = (
			);
			dependencies = (
				3F1DCC9C19F0F12F00BA4D90 /* PBXTargetDependency */,
			);
			name = segue_TestTests;
			productName = segue_TestTests;
			productReference = 3F1DCC9A19F0F12E00BA4D90 /* segue_TestTests.xctest */;
			productType = "com.apple.product-type.bundle.unit-test";
		};
/* End PBXNativeTarget section */

/* Begin PBXProject section */
		3F1DCC7D19F0F12E00BA4D90 /* Project object */ = {
			isa = PBXProject;
			attributes = {
				LastUpgradeCheck = 0600;
				ORGANIZATIONNAME = student;
				TargetAttributes = {
					3F1DCC8419F0F12E00BA4D90 = {
						CreatedOnToolsVersion = 6.0;
					};
					3F1DCC9919F0F12E00BA4D90 = {
						CreatedOnToolsVersion = 6.0;
						TestTargetID = 3F1DCC8419F0F12E00BA4D90;
					};
				};
			};
			buildConfigurationList = 3F1DCC8019F0F12E00BA4D90 /* Build configuration list for PBXProject "segue_Test" */;
			compatibilityVersion = "Xcode 3.2";
			developmentRegion = English;
			hasScannedForEncodings = 0;
			knownRegions = (
				en,
				Base,
			);
			mainGroup = 3F1DCC7C19F0F12E00BA4D90;
			productRefGroup = 3F1DCC8619F0F12E00BA4D90 /* Products */;
			projectDirPath = "";
			projectRoot = "";
			targets = (
				3F1DCC8419F0F12E00BA4D90 /* segue_Test */,
				3F1DCC9919F0F12E00BA4D90 /* segue_TestTests */,
			);
		};
/* End PBXProject section */

/* Begin PBXResourcesBuildPhase section */
		3F1DCC8319F0F12E00BA4D90 /* Resources */ = {
			isa = PBXResourcesBuildPhase;
			buildActionMask = 2147483647;
			files = (
				3F1DCC9019F0F12E00BA4D90 /* Main.storyboard in Resources */,
				3F1DCC9519F0F12E00BA4D90 /* LaunchScreen.xib in Resources */,
				3F1DCC9219F0F12E00BA4D90 /* Images.xcassets in Resources */,
			);
			runOnlyForDeploymentPostprocessing = 0;
		};
		3F1DCC9819F0F12E00BA4D90 /* Resources */ = {
			isa = PBXResourcesBuildPhase;
			buildActionMask = 2147483647;
			files = (
			);
			runOnlyForDeploymentPostprocessing = 0;
		};
/* End PBXResourcesBuildPhase section */

/* Begin PBXSourcesBuildPhase section */
		3F1DCC8119F0F12E00BA4D90 /* Sources */ = {
			isa = PBXSourcesBuildPhase;
			buildActionMask = 2147483647;
			files = (
				3F1DCCB119F0FC5800BA4D90 /* colorTwoViewController.swift in Sources */,
				3F1DCC8D19F0F12E00BA4D90 /* ViewController.swift in Sources */,
				3F1DCC8B19F0F12E00BA4D90 /* AppDelegate.swift in Sources */,
			);
			runOnlyForDeploymentPostprocessing = 0;
		};
		3F1DCC9619F0F12E00BA4D90 /* Sources */ = {
			isa = PBXSourcesBuildPhase;
			buildActionMask = 2147483647;
			files = (
				3F1DCCA119F0F12F00BA4D90 /* segue_TestTests.swift in Sources */,
			);
			runOnlyForDeploymentPostprocessing = 0;
		};
/* End PBXSourcesBuildPhase section */

/* Begin PBXTargetDependency section */
		3F1DCC9C19F0F12F00BA4D90 /* PBXTargetDependency */ = {
			isa = PBXTargetDependency;
			target = 3F1DCC8419F0F12E00BA4D90 /* segue_Test */;
			targetProxy = 3F1DCC9B19F0F12F00BA4D90 /* PBXContainerItemProxy */;
		};
/* End PBXTargetDependency section */

/* Begin PBXVariantGroup section */
		3F1DCC8E19F0F12E00BA4D90 /* Main.storyboard */ = {
			isa = PBXVariantGroup;
			children = (
				3F1DCC8F19F0F12E00BA4D90 /* Base */,
			);
			name = Main.storyboard;
			sourceTree = "<group>";
		};
		3F1DCC9319F0F12E00BA4D90 /* LaunchScreen.xib */ = {
			isa = PBXVariantGroup;
			children = (
				3F1DCC9419F0F12E00BA4D90 /* Base */,
			);
			name = LaunchScreen.xib;
			sourceTree = "<group>";
		};
/* End PBXVariantGroup section */

/* Begin XCBuildConfiguration section */
		3F1DCCA219F0F12F00BA4D90 /* Debug */ = {
			isa = XCBuildConfiguration;
			buildSettings = {
				ALWAYS_SEARCH_USER_PATHS = NO;
				CLANG_CXX_LANGUAGE_STANDARD = "gnu++0x";
				CLANG_CXX_LIBRARY = "libc++";
				CLANG_ENABLE_MODULES = YES;
				CLANG_ENABLE_OBJC_ARC = YES;
				CLANG_WARN_BOOL_CONVERSION = YES;
				CLANG_WARN_CONSTANT_CONVERSION = YES;
				CLANG_WARN_DIRECT_OBJC_ISA_USAGE = YES_ERROR;
				CLANG_WARN_EMPTY_BODY = YES;
				CLANG_WARN_ENUM_CONVERSION = YES;
				CLANG_WARN_INT_CONVERSION = YES;
				CLANG_WARN_OBJC_ROOT_CLASS = YES_ERROR;
				CLANG_WARN_UNREACHABLE_CODE = YES;
				CLANG_WARN__DUPLICATE_METHOD_MATCH = YES;
				"CODE_SIGN_IDENTITY[sdk=iphoneos*]" = "iPhone Developer";
				COPY_PHASE_STRIP = NO;
				ENABLE_STRICT_OBJC_MSGSEND = YES;
				GCC_C_LANGUAGE_STANDARD = gnu99;
				GCC_DYNAMIC_NO_PIC = NO;
				GCC_OPTIMIZATION_LEVEL = 0;
				GCC_PREPROCESSOR_DEFINITIONS = (
					"DEBUG=1",
					"$(inherited)",
				);
				GCC_SYMBOLS_PRIVATE_EXTERN = NO;
				GCC_WARN_64_TO_32_BIT_CONVERSION = YES;
				GCC_WARN_ABOUT_RETURN_TYPE = YES_ERROR;
				GCC_WARN_UNDECLARED_SELECTOR = YES;
				GCC_WARN_UNINITIALIZED_AUTOS = YES_AGGRESSIVE;
				GCC_WARN_UNUSED_FUNCTION = YES;
				GCC_WARN_UNUSED_VARIABLE = YES;
				IPHONEOS_DEPLOYMENT_TARGET = 8.0;
				MTL_ENABLE_DEBUG_INFO = YES;
				ONLY_ACTIVE_ARCH = YES;
				SDKROOT = iphoneos;
				SWIFT_OPTIMIZATION_LEVEL = "-Onone";
			};
			name = Debug;
		};
		3F1DCCA319F0F12F00BA4D90 /* Release */ = {
			isa = XCBuildConfiguration;
			buildSettings = {
				ALWAYS_SEARCH_USER_PATHS = NO;
				CLANG_CXX_LANGUAGE_STANDARD = "gnu++0x";
				CLANG_CXX_LIBRARY = "libc++";
				CLANG_ENABLE_MODULES = YES;
				CLANG_ENABLE_OBJC_ARC = YES;
				CLANG_WARN_BOOL_CONVERSION = YES;
				CLANG_WARN_CONSTANT_CONVERSION = YES;
				CLANG_WARN_DIRECT_OBJC_ISA_USAGE = YES_ERROR;
				CLANG_WARN_EMPTY_BODY = YES;
				CLANG_WARN_ENUM_CONVERSION = YES;
				CLANG_WARN_INT_CONVERSION = YES;
				CLANG_WARN_OBJC_ROOT_CLASS = YES_ERROR;
				CLANG_WARN_UNREACHABLE_CODE = YES;
				CLANG_WARN__DUPLICATE_METHOD_MATCH = YES;
				"CODE_SIGN_IDENTITY[sdk=iphoneos*]" = "iPhone Developer";
				COPY_PHASE_STRIP = YES;
				ENABLE_NS_ASSERTIONS = NO;
				ENABLE_STRICT_OBJC_MSGSEND = YES;
				GCC_C_LANGUAGE_STANDARD = gnu99;
				GCC_WARN_64_TO_32_BIT_CONVERSION = YES;
				GCC_WARN_ABOUT_RETURN_TYPE = YES_ERROR;
				GCC_WARN_UNDECLARED_SELECTOR = YES;
				GCC_WARN_UNINITIALIZED_AUTOS = YES_AGGRESSIVE;
				GCC_WARN_UNUSED_FUNCTION = YES;
				GCC_WARN_UNUSED_VARIABLE = YES;
				IPHONEOS_DEPLOYMENT_TARGET = 8.0;
				MTL_ENABLE_DEBUG_INFO = NO;
				SDKROOT = iphoneos;
				VALIDATE_PRODUCT = YES;
			};
			name = Release;
		};
		3F1DCCA519F0F12F00BA4D90 /* Debug */ = {
			isa = XCBuildConfiguration;
			buildSettings = {
				ASSETCATALOG_COMPILER_APPICON_NAME = AppIcon;
				INFOPLIST_FILE = segue_Test/Info.plist;
				LD_RUNPATH_SEARCH_PATHS = "$(inherited) @executable_path/Frameworks";
				PRODUCT_NAME = "$(TARGET_NAME)";
			};
			name = Debug;
		};
		3F1DCCA619F0F12F00BA4D90 /* Release */ = {
			isa = XCBuildConfiguration;
			buildSettings = {
				ASSETCATALOG_COMPILER_APPICON_NAME = AppIcon;
				INFOPLIST_FILE = segue_Test/Info.plist;
				LD_RUNPATH_SEARCH_PATHS = "$(inherited) @executable_path/Frameworks";
				PRODUCT_NAME = "$(TARGET_NAME)";
			};
			name = Release;
		};
		3F1DCCA819F0F12F00BA4D90 /* Debug */ = {
			isa = XCBuildConfiguration;
			buildSettings = {
				BUNDLE_LOADER = "$(TEST_HOST)";
				FRAMEWORK_SEARCH_PATHS = (
					"$(SDKROOT)/Developer/Library/Frameworks",
					"$(inherited)",
				);
				GCC_PREPROCESSOR_DEFINITIONS = (
					"DEBUG=1",
					"$(inherited)",
				);
				INFOPLIST_FILE = segue_TestTests/Info.plist;
				LD_RUNPATH_SEARCH_PATHS = "$(inherited) @executable_path/Frameworks @loader_path/Frameworks";
				PRODUCT_NAME = "$(TARGET_NAME)";
				TEST_HOST = "$(BUILT_PRODUCTS_DIR)/segue_Test.app/segue_Test";
			};
			name = Debug;
		};
		3F1DCCA919F0F12F00BA4D90 /* Release */ = {
			isa = XCBuildConfiguration;
			buildSettings = {
				BUNDLE_LOADER = "$(TEST_HOST)";
				FRAMEWORK_SEARCH_PATHS = (
					"$(SDKROOT)/Developer/Library/Frameworks",
					"$(inherited)",
				);
				INFOPLIST_FILE = segue_TestTests/Info.plist;
				LD_RUNPATH_SEARCH_PATHS = "$(inherited) @executable_path/Frameworks @loader_path/Frameworks";
				PRODUCT_NAME = "$(TARGET_NAME)";
				TEST_HOST = "$(BUILT_PRODUCTS_DIR)/segue_Test.app/segue_Test";
			};
			name = Release;
		};
/* End XCBuildConfiguration section */

/* Begin XCConfigurationList section */
		3F1DCC8019F0F12E00BA4D90 /* Build configuration list for PBXProject "segue_Test" */ = {
			isa = XCConfigurationList;
			buildConfigurations = (
				3F1DCCA219F0F12F00BA4D90 /* Debug */,
				3F1DCCA319F0F12F00BA4D90 /* Release */,
			);
			defaultConfigurationIsVisible = 0;
			defaultConfigurationName = Release;
		};
		3F1DCCA419F0F12F00BA4D90 /* Build configuration list for PBXNativeTarget "segue_Test" */ = {
			isa = XCConfigurationList;
			buildConfigurations = (
				3F1DCCA519F0F12F00BA4D90 /* Debug */,
				3F1DCCA619F0F12F00BA4D90 /* Release */,
			);
			defaultConfigurationIsVisible = 0;
			defaultConfigurationName = Release;
		};
		3F1DCCA719F0F12F00BA4D90 /* Build configuration list for PBXNativeTarget "segue_TestTests" */ = {
			isa = XCConfigurationList;
			buildConfigurations = (
				3F1DCCA819F0F12F00BA4D90 /* Debug */,
				3F1DCCA919F0F12F00BA4D90 /* Release */,
			);
			defaultConfigurationIsVisible = 0;
			defaultConfigurationName = Release;
		};
/* End XCConfigurationList section */
	};
	rootObject = 3F1DCC7D19F0F12E00BA4D90 /* Project object */;
}
